
Microsoft Visual Studio Solution File, Format Version 12.00
# Visual Studio 14
VisualStudioVersion = 14.0.25420.1
MinimumVisualStudioVersion = 10.0.40219.1
Project("{FAE04EC0-301F-11D3-BF4B-00C04F79EFBC}") = "Cliente", "Cliente\Cliente.csproj", "{7AA0803D-F716-426C-9221-813C1F8AA5A8}"
EndProject
Project("{FAE04EC0-301F-11D3-BF4B-00C04F79EFBC}") = "Servidor", "Servidor\Servidor.csproj", "{B366D29E-6858-4DE5-9A38-108EC143B581}"
EndProject
Global
	GlobalSection(SolutionConfigurationPlatforms) = preSolution
		Debug|Any CPU = Debug|Any CPU
		Release|Any CPU = Release|Any CPU
	EndGlobalSection
	GlobalSection(ProjectConfigurationPlatforms) = postSolution
		{7AA0803D-F716-426C-9221-813C1F8AA5A8}.Debug|Any CPU.ActiveCfg = Debug|Any CPU
		{7AA0803D-F716-426C-9221-813C1F8AA5A8}.Debug|Any CPU.Build.0 = Debug|Any CPU
		{7AA0803D-F716-426C-9221-813C1F8AA5A8}.Release|Any CPU.ActiveCfg = Release|Any CPU
		{7AA0803D-F716-426C-9221-813C1F8AA5A8}.Release|Any CPU.Build.0 = Release|Any CPU
		{B366D29E-6858-4DE5-9A38-108EC143B581}.Debug|Any CPU.ActiveCfg = Debug|Any CPU
		{B366D29E-6858-4DE5-9A38-108EC143B581}.Debug|Any CPU.Build.0 = Debug|Any CPU
		{B366D29E-6858-4DE5-9A38-108EC143B581}.Release|Any CPU.ActiveCfg = Release|Any CPU
		{B366D29E-6858-4DE5-9A38-108EC143B581}.Release|Any CPU.Build.0 = Release|Any CPU
	EndGlobalSection
	GlobalSection(SolutionProperties) = preSolution
		HideSolutionNode = FALSE
	EndGlobalSection
EndGlobal
